
Microsoft Visual Studio Solution File, Format Version 12.00
# Visual Studio Version 17
VisualStudioVersion = 17.7.34031.279
MinimumVisualStudioVersion = 10.0.40219.1
Project("{9A19103F-16F7-4668-BE54-9A1E7A4F7556}") = "EjemploProtocoloUDP", "EjemploProtocoloUDP\EjemploProtocoloUDP.csproj", "{2673919D-931A-4194-BBA3-67C429613FA4}"
EndProject
Project("{9A19103F-16F7-4668-BE54-9A1E7A4F7556}") = "EjemploUDPservidor", "EjemploUDPservidor\EjemploUDPservidor.csproj", "{62B02A83-6EF1-4210-A02F-FFB2B7009CF4}"
EndProject
Project("{9A19103F-16F7-4668-BE54-9A1E7A4F7556}") = "Concurrencia", "Concurrencia\Concurrencia.csproj", "{91D232B4-DDA4-448F-A520-75230ABBFE18}"
EndProject
Project("{2150E333-8FDC-42A3-9474-1A3956D46DE8}") = "NewFolder1", "NewFolder1", "{D3E70766-F2A5-474B-9D16-448970C6A874}"
EndProject
Project("{9A19103F-16F7-4668-BE54-9A1E7A4F7556}") = "Ejercicio1ServidorTalleres", "Ejercicio1ServidorTalleres\Ejercicio1ServidorTalleres.csproj", "{D3A409D2-DE06-4321-B7B0-3D2A3845219E}"
EndProject
Project("{9A19103F-16F7-4668-BE54-9A1E7A4F7556}") = "Ejercicio1ClienteTalleres", "Ejercicio1ClienteTalleres\Ejercicio1ClienteTalleres.csproj", "{5015F2F4-2B48-44DD-B6D5-F97A786591BA}"
EndProject
Project("{2150E333-8FDC-42A3-9474-1A3956D46DE8}") = "TCP", "TCP", "{F1F4BE56-1E0B-41A2-9D82-483E5C6211E9}"
EndProject
Project("{9A19103F-16F7-4668-BE54-9A1E7A4F7556}") = "EjemploTCP1", "EjemploTCP1\EjemploTCP1.csproj", "{A8F9A957-A29E-4718-B649-AE172D4A1DEB}"
EndProject
Project("{9A19103F-16F7-4668-BE54-9A1E7A4F7556}") = "EjemploTCPCliente", "EjemploTCPCliente\EjemploTCPCliente.csproj", "{92A3E5A2-E404-4EB4-A884-9938B289EDD5}"
EndProject
Project("{9A19103F-16F7-4668-BE54-9A1E7A4F7556}") = "Ejercicio2Chat", "Ejercicio2Chat\Ejercicio2Chat.csproj", "{8530960D-E7BE-4990-B569-EDCC2D3BAA77}"
EndProject
Project("{9A19103F-16F7-4668-BE54-9A1E7A4F7556}") = "Ejercicio2ChatCliente", "Ejercicio2ChatCliente\Ejercicio2ChatCliente.csproj", "{0CCD8A8A-36B8-43FC-8447-FF0375F8FE1F}"
EndProject
Project("{2150E333-8FDC-42A3-9474-1A3956D46DE8}") = "HTTP", "HTTP", "{75DD8B81-1D63-4703-9C33-FC41B0DC9335}"
EndProject
Project("{9A19103F-16F7-4668-BE54-9A1E7A4F7556}") = "ServidorHttp", "ServidorHttp\ServidorHttp.csproj", "{34F8C431-7F03-43D8-AFE6-75D6BBF351D6}"
EndProject
Project("{9A19103F-16F7-4668-BE54-9A1E7A4F7556}") = "ServidorPostit", "ServidorPostit\ServidorPostit.csproj", "{E6615C9D-3CC8-4066-9DFB-BD6DA1DE9D09}"
EndProject
Project("{9A19103F-16F7-4668-BE54-9A1E7A4F7556}") = "MensajeServer", "MensajeServer\MensajeServer.csproj", "{54D6D183-B07F-43EC-9D7F-D841A2FE93F2}"
EndProject
Project("{FAE04EC0-301F-11D3-BF4B-00C04F79EFBC}") = "MensajeCliente", "MensajeCliente\MensajeCliente.csproj", "{CAFB89EA-756C-4E1B-B55B-30CC16D36027}"
EndProject
Global
	GlobalSection(SolutionConfigurationPlatforms) = preSolution
		Debug|Any CPU = Debug|Any CPU
		Release|Any CPU = Release|Any CPU
	EndGlobalSection
	GlobalSection(ProjectConfigurationPlatforms) = postSolution
		{2673919D-931A-4194-BBA3-67C429613FA4}.Debug|Any CPU.ActiveCfg = Debug|Any CPU
		{2673919D-931A-4194-BBA3-67C429613FA4}.Debug|Any CPU.Build.0 = Debug|Any CPU
		{2673919D-931A-4194-BBA3-67C429613FA4}.Release|Any CPU.ActiveCfg = Release|Any CPU
		{2673919D-931A-4194-BBA3-67C429613FA4}.Release|Any CPU.Build.0 = Release|Any CPU
		{62B02A83-6EF1-4210-A02F-FFB2B7009CF4}.Debug|Any CPU.ActiveCfg = Debug|Any CPU
		{62B02A83-6EF1-4210-A02F-FFB2B7009CF4}.Debug|Any CPU.Build.0 = Debug|Any CPU
		{62B02A83-6EF1-4210-A02F-FFB2B7009CF4}.Release|Any CPU.ActiveCfg = Release|Any CPU
		{62B02A83-6EF1-4210-A02F-FFB2B7009CF4}.Release|Any CPU.Build.0 = Release|Any CPU
		{91D232B4-DDA4-448F-A520-75230ABBFE18}.Debug|Any CPU.ActiveCfg = Debug|Any CPU
		{91D232B4-DDA4-448F-A520-75230ABBFE18}.Debug|Any CPU.Build.0 = Debug|Any CPU
		{91D232B4-DDA4-448F-A520-75230ABBFE18}.Release|Any CPU.ActiveCfg = Release|Any CPU
		{91D232B4-DDA4-448F-A520-75230ABBFE18}.Release|Any CPU.Build.0 = Release|Any CPU
		{D3A409D2-DE06-4321-B7B0-3D2A3845219E}.Debug|Any CPU.ActiveCfg = Debug|Any CPU
		{D3A409D2-DE06-4321-B7B0-3D2A3845219E}.Debug|Any CPU.Build.0 = Debug|Any CPU
		{D3A409D2-DE06-4321-B7B0-3D2A3845219E}.Release|Any CPU.ActiveCfg = Release|Any CPU
		{D3A409D2-DE06-4321-B7B0-3D2A3845219E}.Release|Any CPU.Build.0 = Release|Any CPU
		{5015F2F4-2B48-44DD-B6D5-F97A786591BA}.Debug|Any CPU.ActiveCfg = Debug|Any CPU
		{5015F2F4-2B48-44DD-B6D5-F97A786591BA}.Debug|Any CPU.Build.0 = Debug|Any CPU
		{5015F2F4-2B48-44DD-B6D5-F97A786591BA}.Release|Any CPU.ActiveCfg = Release|Any CPU
		{5015F2F4-2B48-44DD-B6D5-F97A786591BA}.Release|Any CPU.Build.0 = Release|Any CPU
		{A8F9A957-A29E-4718-B649-AE172D4A1DEB}.Debug|Any CPU.ActiveCfg = Debug|Any CPU
		{A8F9A957-A29E-4718-B649-AE172D4A1DEB}.Debug|Any CPU.Build.0 = Debug|Any CPU
		{A8F9A957-A29E-4718-B649-AE172D4A1DEB}.Release|Any CPU.ActiveCfg = Release|Any CPU
		{A8F9A957-A29E-4718-B649-AE172D4A1DEB}.Release|Any CPU.Build.0 = Release|Any CPU
		{92A3E5A2-E404-4EB4-A884-9938B289EDD5}.Debug|Any CPU.ActiveCfg = Debug|Any CPU
		{92A3E5A2-E404-4EB4-A884-9938B289EDD5}.Debug|Any CPU.Build.0 = Debug|Any CPU
		{92A3E5A2-E404-4EB4-A884-9938B289EDD5}.Release|Any CPU.ActiveCfg = Release|Any CPU
		{92A3E5A2-E404-4EB4-A884-9938B289EDD5}.Release|Any CPU.Build.0 = Release|Any CPU
		{8530960D-E7BE-4990-B569-EDCC2D3BAA77}.Debug|Any CPU.ActiveCfg = Debug|Any CPU
		{8530960D-E7BE-4990-B569-EDCC2D3BAA77}.Debug|Any CPU.Build.0 = Debug|Any CPU
		{8530960D-E7BE-4990-B569-EDCC2D3BAA77}.Release|Any CPU.ActiveCfg = Release|Any CPU
		{8530960D-E7BE-4990-B569-EDCC2D3BAA77}.Release|Any CPU.Build.0 = Release|Any CPU
		{0CCD8A8A-36B8-43FC-8447-FF0375F8FE1F}.Debug|Any CPU.ActiveCfg = Debug|Any CPU
		{0CCD8A8A-36B8-43FC-8447-FF0375F8FE1F}.Debug|Any CPU.Build.0 = Debug|Any CPU
		{0CCD8A8A-36B8-43FC-8447-FF0375F8FE1F}.Release|Any CPU.ActiveCfg = Release|Any CPU
		{0CCD8A8A-36B8-43FC-8447-FF0375F8FE1F}.Release|Any CPU.Build.0 = Release|Any CPU
		{34F8C431-7F03-43D8-AFE6-75D6BBF351D6}.Debug|Any CPU.ActiveCfg = Debug|Any CPU
		{34F8C431-7F03-43D8-AFE6-75D6BBF351D6}.Debug|Any CPU.Build.0 = Debug|Any CPU
		{34F8C431-7F03-43D8-AFE6-75D6BBF351D6}.Release|Any CPU.ActiveCfg = Release|Any CPU
		{34F8C431-7F03-43D8-AFE6-75D6BBF351D6}.Release|Any CPU.Build.0 = Release|Any CPU
		{E6615C9D-3CC8-4066-9DFB-BD6DA1DE9D09}.Debug|Any CPU.ActiveCfg = Debug|Any CPU
		{E6615C9D-3CC8-4066-9DFB-BD6DA1DE9D09}.Debug|Any CPU.Build.0 = Debug|Any CPU
		{E6615C9D-3CC8-4066-9DFB-BD6DA1DE9D09}.Release|Any CPU.ActiveCfg = Release|Any CPU
		{E6615C9D-3CC8-4066-9DFB-BD6DA1DE9D09}.Release|Any CPU.Build.0 = Release|Any CPU
		{54D6D183-B07F-43EC-9D7F-D841A2FE93F2}.Debug|Any CPU.ActiveCfg = Debug|Any CPU
		{54D6D183-B07F-43EC-9D7F-D841A2FE93F2}.Debug|Any CPU.Build.0 = Debug|Any CPU
		{54D6D183-B07F-43EC-9D7F-D841A2FE93F2}.Release|Any CPU.ActiveCfg = Release|Any CPU
		{54D6D183-B07F-43EC-9D7F-D841A2FE93F2}.Release|Any CPU.Build.0 = Release|Any CPU
		{CAFB89EA-756C-4E1B-B55B-30CC16D36027}.Debug|Any CPU.ActiveCfg = Debug|Any CPU
		{CAFB89EA-756C-4E1B-B55B-30CC16D36027}.Debug|Any CPU.Build.0 = Debug|Any CPU
		{CAFB89EA-756C-4E1B-B55B-30CC16D36027}.Release|Any CPU.ActiveCfg = Release|Any CPU
		{CAFB89EA-756C-4E1B-B55B-30CC16D36027}.Release|Any CPU.Build.0 = Release|Any CPU
	EndGlobalSection
	GlobalSection(SolutionProperties) = preSolution
		HideSolutionNode = FALSE
	EndGlobalSection
	GlobalSection(NestedProjects) = preSolution
		{D3A409D2-DE06-4321-B7B0-3D2A3845219E} = {D3E70766-F2A5-474B-9D16-448970C6A874}
		{5015F2F4-2B48-44DD-B6D5-F97A786591BA} = {D3E70766-F2A5-474B-9D16-448970C6A874}
		{A8F9A957-A29E-4718-B649-AE172D4A1DEB} = {F1F4BE56-1E0B-41A2-9D82-483E5C6211E9}
		{92A3E5A2-E404-4EB4-A884-9938B289EDD5} = {F1F4BE56-1E0B-41A2-9D82-483E5C6211E9}
		{8530960D-E7BE-4990-B569-EDCC2D3BAA77} = {F1F4BE56-1E0B-41A2-9D82-483E5C6211E9}
		{0CCD8A8A-36B8-43FC-8447-FF0375F8FE1F} = {F1F4BE56-1E0B-41A2-9D82-483E5C6211E9}
		{34F8C431-7F03-43D8-AFE6-75D6BBF351D6} = {75DD8B81-1D63-4703-9C33-FC41B0DC9335}
		{E6615C9D-3CC8-4066-9DFB-BD6DA1DE9D09} = {75DD8B81-1D63-4703-9C33-FC41B0DC9335}
		{54D6D183-B07F-43EC-9D7F-D841A2FE93F2} = {75DD8B81-1D63-4703-9C33-FC41B0DC9335}
		{CAFB89EA-756C-4E1B-B55B-30CC16D36027} = {75DD8B81-1D63-4703-9C33-FC41B0DC9335}
	EndGlobalSection
	GlobalSection(ExtensibilityGlobals) = postSolution
		SolutionGuid = {ADF61228-4B9C-46BB-A5A7-D4A81A359FB2}
	EndGlobalSection
EndGlobal
